<?xml version="1.0" encoding="UTF-8" standalone="yes" ?>
<CodeBlocks_project_file>
	<FileVersion major="1" minor="6" />
	<Project>
		<Option title="SERVERFORALIYUN" />
		<Option pch_mode="2" />
		<Option compiler="gcc" />
		<Build>
			<Target title="Debug">
				<Option output="bin/Debug/SERVERFORALIYUN" prefix_auto="1" extension_auto="1" />
				<Option object_output="obj/Debug/" />
				<Option type="1" />
				<Option compiler="gcc" />
				<Compiler>
					<Add option="-g" />
				</Compiler>
			</Target>
			<Target title="Release">
				<Option output="bin/Release/SERVERFORALIYUN" prefix_auto="1" extension_auto="1" />
				<Option object_output="obj/Release/" />
				<Option type="1" />
				<Option compiler="gcc" />
				<Compiler>
					<Add option="-O2" />
				</Compiler>
				<Linker>
					<Add option="-s" />
				</Linker>
			</Target>
		</Build>
		<Compiler>
			<Add option="-Wall" />
		</Compiler>
		<Unit filename="head/SERVER.h">
			<Option target="&lt;{~None~}&gt;" />
		</Unit>
		<Unit filename="src/AcceptClient.c">
			<Option compilerVar="CC" />
			<Option weight="3" />
		</Unit>
		<Unit filename="src/AddtoLcoal.c">
			<Option compilerVar="CC" />
		</Unit>
		<Unit filename="src/BitmapFigure.c">
			<Option compilerVar="CC" />
		</Unit>
		<Unit filename="src/BitmapSize.c">
			<Option compilerVar="CC" />
		</Unit>
		<Unit filename="src/CheckID_PWD.c">
			<Option compilerVar="CC" />
		</Unit>
		<Unit filename="src/CheckStillOnline.c">
			<Option compilerVar="CC" />
		</Unit>
		<Unit filename="src/DeletFileUser.c">
			<Option compilerVar="CC" />
		</Unit>
		<Unit filename="src/Delete_outlineUser.c">
			<Option compilerVar="CC" />
		</Unit>
		<Unit filename="src/InitServer.c">
			<Option compilerVar="CC" />
			<Option weight="1" />
		</Unit>
		<Unit filename="src/IoT_Talk.c">
			<Option compilerVar="CC" />
		</Unit>
		<Unit filename="src/NewOnlineUser.c">
			<Option compilerVar="CC" />
		</Unit>
		<Unit filename="src/PrintOnlineUser.c">
			<Option compilerVar="CC" />
		</Unit>
		<Unit filename="src/Regiter.c">
			<Option compilerVar="CC" />
		</Unit>
		<Unit filename="src/RequestContacts.c">
			<Option compilerVar="CC" />
		</Unit>
		<Unit filename="src/RequestMessages.c">
			<Option compilerVar="CC" />
		</Unit>
		<Unit filename="src/SIGN_IN.c">
			<Option compilerVar="CC" />
		</Unit>
		<Unit filename="src/StartThread.c">
			<Option compilerVar="CC" />
		</Unit>
		<Unit filename="src/String.c">
			<Option compilerVar="CC" />
		</Unit>
		<Unit filename="src/Talk.c">
			<Option compilerVar="CC" />
		</Unit>
		<Unit filename="src/UdpInit.c">
			<Option compilerVar="CC" />
		</Unit>
		<Unit filename="src/UdpPackResolve.c">
			<Option compilerVar="CC" />
		</Unit>
		<Unit filename="src/UpdateRegistedUser.c">
			<Option compilerVar="CC" />
		</Unit>
		<Unit filename="src/file_send_tcp_thread.c">
			<Option compilerVar="CC" />
		</Unit>
		<Unit filename="src/file_tcp_send.c">
			<Option compilerVar="CC" />
		</Unit>
		<Unit filename="src/fun_send.c">
			<Option compilerVar="CC" />
		</Unit>
		<Unit filename="src/log.c">
			<Option compilerVar="CC" />
		</Unit>
		<Unit filename="src/main.c">
			<Option compilerVar="CC" />
			<Option weight="0" />
		</Unit>
		<Extensions>
			<code_completion />
			<envvars />
			<debugger />
		</Extensions>
	</Project>
</CodeBlocks_project_file>
